
Microsoft Visual Studio Solution File, Format Version 12.00
# Visual Studio Version 17
VisualStudioVersion = 17.11.35327.3
MinimumVisualStudioVersion = 10.0.40219.1
Project("{FAE04EC0-301F-11D3-BF4B-00C04F79EFBC}") = "Neo4j", "Neo4j.csproj", "{D77B0EE0-BE35-4070-B44A-E728DBFC3888}"
EndProject
Global
	GlobalSection(SolutionConfigurationPlatforms) = preSolution
		Debug|Any CPU = Debug|Any CPU
		Release|Any CPU = Release|Any CPU
	EndGlobalSection
	GlobalSection(ProjectConfigurationPlatforms) = postSolution
		{D77B0EE0-BE35-4070-B44A-E728DBFC3888}.Debug|Any CPU.ActiveCfg = Debug|Any CPU
		{D77B0EE0-BE35-4070-B44A-E728DBFC3888}.Debug|Any CPU.Build.0 = Debug|Any CPU
		{D77B0EE0-BE35-4070-B44A-E728DBFC3888}.Release|Any CPU.ActiveCfg = Release|Any CPU
		{D77B0EE0-BE35-4070-B44A-E728DBFC3888}.Release|Any CPU.Build.0 = Release|Any CPU
	EndGlobalSection
	GlobalSection(SolutionProperties) = preSolution
		HideSolutionNode = FALSE
	EndGlobalSection
	GlobalSection(ExtensibilityGlobals) = postSolution
		SolutionGuid = {0DDE8539-D045-4C14-982F-7CFF9E339BF4}
	EndGlobalSection
EndGlobal
